{
  "nodes": {
    "graaf": {
      "flake": false,
      "locked": {
        "lastModified": 1699382316,
        "narHash": "sha256-aOCXy7ywhatBznOAHxOTAqrpmLIT/5aisXVUIdIc/rU=",
        "owner": "bobluppes",
        "repo": "graaf",
        "rev": "38e0910a95893878530b8f66e84f9724b7454393",
        "type": "github"
      },
      "original": {
        "owner": "bobluppes",
        "repo": "graaf",
        "type": "github"
      }
    },
    "nixpkgs": {
      "locked": {
        "lastModified": 1702312524,
        "narHash": "sha256-gkZJRDBUCpTPBvQk25G0B7vfbpEYM5s5OZqghkjZsnE=",
        "owner": "NixOS",
        "repo": "nixpkgs",
        "rev": "a9bf124c46ef298113270b1f84a164865987a91c",
        "type": "github"
      },
      "original": {
        "id": "nixpkgs",
        "ref": "nixos-unstable",
        "type": "indirect"
      }
    },
    "root": {
      "inputs": {
        "graaf": "graaf",
        "nixpkgs": "nixpkgs"
      }
    }
  },
  "root": "root",
  "version": 7
}
